
Microsoft Visual Studio Solution File, Format Version 12.00
# Visual Studio 15
Project("{FAE04EC0-301F-11D3-BF4B-00C04F79EFBC}") = "Assembly-CSharp", "Assembly-CSharp.csproj", "{EFC99784-B5E1-F384-52BA-381BFB3A8656}"
EndProject
Global
	GlobalSection(SolutionConfigurationPlatforms) = preSolution
		Debug|Any CPU = Debug|Any CPU
		Release|Any CPU = Release|Any CPU
	EndGlobalSection
	GlobalSection(ProjectConfigurationPlatforms) = postSolution
		{EFC99784-B5E1-F384-52BA-381BFB3A8656}.Debug|Any CPU.ActiveCfg = Debug|Any CPU
		{EFC99784-B5E1-F384-52BA-381BFB3A8656}.Debug|Any CPU.Build.0 = Debug|Any CPU
		{EFC99784-B5E1-F384-52BA-381BFB3A8656}.Release|Any CPU.ActiveCfg = Release|Any CPU
		{EFC99784-B5E1-F384-52BA-381BFB3A8656}.Release|Any CPU.Build.0 = Release|Any CPU
	EndGlobalSection
	GlobalSection(SolutionProperties) = preSolution
		HideSolutionNode = FALSE
	EndGlobalSection
	GlobalSection(MonoDevelopProperties) = preSolution
		StartupItem = Assembly-CSharp.csproj
	EndGlobalSection
EndGlobal
